
Microsoft Visual Studio Solution File, Format Version 12.00
# Visual Studio Version 17
VisualStudioVersion = 17.8.34330.188
MinimumVisualStudioVersion = 10.0.40219.1
Project("{FAE04EC0-301F-11D3-BF4B-00C04F79EFBC}") = "UniversityProject.Api", "UniversityProject.Api\UniversityProject.Api.csproj", "{57165CB5-AA24-463A-A421-21CF7B84C7FD}"
EndProject
Project("{FAE04EC0-301F-11D3-BF4B-00C04F79EFBC}") = "UniversityProject.Core", "UniversityProject.Core\UniversityProject.Core.csproj", "{DA1BDFF6-F382-4A0B-99FC-498FC865B98E}"
EndProject
Project("{FAE04EC0-301F-11D3-BF4B-00C04F79EFBC}") = "UniversityProject.Domain", "UniversityProject.Domain\UniversityProject.Domain.csproj", "{02B6E832-2E1C-42AD-8852-68BF6B7FA3F3}"
EndProject
Project("{FAE04EC0-301F-11D3-BF4B-00C04F79EFBC}") = "UniversityProject.Infrustructure", "UniversityProject.Infrustructure\UniversityProject.Infrustructure.csproj", "{BE59EC03-25AB-4C42-B051-CA147FA74189}"
EndProject
Project("{FAE04EC0-301F-11D3-BF4B-00C04F79EFBC}") = "UniversityProject.Services", "UniversityProject.Services\UniversityProject.Services.csproj", "{E1737010-DFF3-454D-9FB5-D9C53AA521B5}"
EndProject
Global
	GlobalSection(SolutionConfigurationPlatforms) = preSolution
		Debug|Any CPU = Debug|Any CPU
		Release|Any CPU = Release|Any CPU
	EndGlobalSection
	GlobalSection(ProjectConfigurationPlatforms) = postSolution
		{57165CB5-AA24-463A-A421-21CF7B84C7FD}.Debug|Any CPU.ActiveCfg = Debug|Any CPU
		{57165CB5-AA24-463A-A421-21CF7B84C7FD}.Debug|Any CPU.Build.0 = Debug|Any CPU
		{57165CB5-AA24-463A-A421-21CF7B84C7FD}.Release|Any CPU.ActiveCfg = Release|Any CPU
		{57165CB5-AA24-463A-A421-21CF7B84C7FD}.Release|Any CPU.Build.0 = Release|Any CPU
		{DA1BDFF6-F382-4A0B-99FC-498FC865B98E}.Debug|Any CPU.ActiveCfg = Debug|Any CPU
		{DA1BDFF6-F382-4A0B-99FC-498FC865B98E}.Debug|Any CPU.Build.0 = Debug|Any CPU
		{DA1BDFF6-F382-4A0B-99FC-498FC865B98E}.Release|Any CPU.ActiveCfg = Release|Any CPU
		{DA1BDFF6-F382-4A0B-99FC-498FC865B98E}.Release|Any CPU.Build.0 = Release|Any CPU
		{02B6E832-2E1C-42AD-8852-68BF6B7FA3F3}.Debug|Any CPU.ActiveCfg = Debug|Any CPU
		{02B6E832-2E1C-42AD-8852-68BF6B7FA3F3}.Debug|Any CPU.Build.0 = Debug|Any CPU
		{02B6E832-2E1C-42AD-8852-68BF6B7FA3F3}.Release|Any CPU.ActiveCfg = Release|Any CPU
		{02B6E832-2E1C-42AD-8852-68BF6B7FA3F3}.Release|Any CPU.Build.0 = Release|Any CPU
		{BE59EC03-25AB-4C42-B051-CA147FA74189}.Debug|Any CPU.ActiveCfg = Debug|Any CPU
		{BE59EC03-25AB-4C42-B051-CA147FA74189}.Debug|Any CPU.Build.0 = Debug|Any CPU
		{BE59EC03-25AB-4C42-B051-CA147FA74189}.Release|Any CPU.ActiveCfg = Release|Any CPU
		{BE59EC03-25AB-4C42-B051-CA147FA74189}.Release|Any CPU.Build.0 = Release|Any CPU
		{E1737010-DFF3-454D-9FB5-D9C53AA521B5}.Debug|Any CPU.ActiveCfg = Debug|Any CPU
		{E1737010-DFF3-454D-9FB5-D9C53AA521B5}.Debug|Any CPU.Build.0 = Debug|Any CPU
		{E1737010-DFF3-454D-9FB5-D9C53AA521B5}.Release|Any CPU.ActiveCfg = Release|Any CPU
		{E1737010-DFF3-454D-9FB5-D9C53AA521B5}.Release|Any CPU.Build.0 = Release|Any CPU
	EndGlobalSection
	GlobalSection(SolutionProperties) = preSolution
		HideSolutionNode = FALSE
	EndGlobalSection
	GlobalSection(ExtensibilityGlobals) = postSolution
		SolutionGuid = {3F027212-089A-4480-91FC-D0E44595F140}
	EndGlobalSection
EndGlobal
